
Microsoft Visual Studio Solution File, Format Version 12.00
# Visual Studio 15
VisualStudioVersion = 15.0.26730.16
MinimumVisualStudioVersion = 10.0.40219.1
Project("{FAE04EC0-301F-11D3-BF4B-00C04F79EFBC}") = "COP4656MusicApp.Android", "COP4656MusicApp\COP4656MusicApp.Android\COP4656MusicApp.Android.csproj", "{33550BE4-303A-4759-B681-942A6C85F078}"
EndProject
Project("{FAE04EC0-301F-11D3-BF4B-00C04F79EFBC}") = "COP4656MusicApp.iOS", "COP4656MusicApp\COP4656MusicApp.iOS\COP4656MusicApp.iOS.csproj", "{8E995F0E-7842-459A-93FE-8CD41F658A13}"
EndProject
Project("{D954291E-2A0B-460D-934E-DC6B0785DB48}") = "COP4656MusicApp", "COP4656MusicApp\COP4656MusicApp\COP4656MusicApp.shproj", "{F5372CA0-E26E-4DF3-88C1-A10A12EA6402}"
EndProject
Global
	GlobalSection(SharedMSBuildProjectFiles) = preSolution
		COP4656MusicApp\COP4656MusicApp\COP4656MusicApp.projitems*{33550be4-303a-4759-b681-942a6c85f078}*SharedItemsImports = 4
		COP4656MusicApp\COP4656MusicApp\COP4656MusicApp.projitems*{8e995f0e-7842-459a-93fe-8cd41f658a13}*SharedItemsImports = 4
		COP4656MusicApp\COP4656MusicApp\COP4656MusicApp.projitems*{f5372ca0-e26e-4df3-88c1-a10a12ea6402}*SharedItemsImports = 13
	EndGlobalSection
	GlobalSection(SolutionConfigurationPlatforms) = preSolution
		Debug|Any CPU = Debug|Any CPU
		Debug|ARM = Debug|ARM
		Debug|iPhone = Debug|iPhone
		Debug|iPhoneSimulator = Debug|iPhoneSimulator
		Debug|x64 = Debug|x64
		Debug|x86 = Debug|x86
		Release|Any CPU = Release|Any CPU
		Release|ARM = Release|ARM
		Release|iPhone = Release|iPhone
		Release|iPhoneSimulator = Release|iPhoneSimulator
		Release|x64 = Release|x64
		Release|x86 = Release|x86
	EndGlobalSection
	GlobalSection(ProjectConfigurationPlatforms) = postSolution
		{33550BE4-303A-4759-B681-942A6C85F078}.Debug|Any CPU.ActiveCfg = Debug|Any CPU
		{33550BE4-303A-4759-B681-942A6C85F078}.Debug|Any CPU.Build.0 = Debug|Any CPU
		{33550BE4-303A-4759-B681-942A6C85F078}.Debug|Any CPU.Deploy.0 = Debug|Any CPU
		{33550BE4-303A-4759-B681-942A6C85F078}.Debug|ARM.ActiveCfg = Debug|Any CPU
		{33550BE4-303A-4759-B681-942A6C85F078}.Debug|ARM.Build.0 = Debug|Any CPU
		{33550BE4-303A-4759-B681-942A6C85F078}.Debug|ARM.Deploy.0 = Debug|Any CPU
		{33550BE4-303A-4759-B681-942A6C85F078}.Debug|iPhone.ActiveCfg = Debug|Any CPU
		{33550BE4-303A-4759-B681-942A6C85F078}.Debug|iPhone.Build.0 = Debug|Any CPU
		{33550BE4-303A-4759-B681-942A6C85F078}.Debug|iPhone.Deploy.0 = Debug|Any CPU
		{33550BE4-303A-4759-B681-942A6C85F078}.Debug|iPhoneSimulator.ActiveCfg = Debug|Any CPU
		{33550BE4-303A-4759-B681-942A6C85F078}.Debug|iPhoneSimulator.Build.0 = Debug|Any CPU
		{33550BE4-303A-4759-B681-942A6C85F078}.Debug|iPhoneSimulator.Deploy.0 = Debug|Any CPU
		{33550BE4-303A-4759-B681-942A6C85F078}.Debug|x64.ActiveCfg = Debug|Any CPU
		{33550BE4-303A-4759-B681-942A6C85F078}.Debug|x64.Build.0 = Debug|Any CPU
		{33550BE4-303A-4759-B681-942A6C85F078}.Debug|x64.Deploy.0 = Debug|Any CPU
		{33550BE4-303A-4759-B681-942A6C85F078}.Debug|x86.ActiveCfg = Debug|Any CPU
		{33550BE4-303A-4759-B681-942A6C85F078}.Debug|x86.Build.0 = Debug|Any CPU
		{33550BE4-303A-4759-B681-942A6C85F078}.Debug|x86.Deploy.0 = Debug|Any CPU
		{33550BE4-303A-4759-B681-942A6C85F078}.Release|Any CPU.ActiveCfg = Release|Any CPU
		{33550BE4-303A-4759-B681-942A6C85F078}.Release|Any CPU.Build.0 = Release|Any CPU
		{33550BE4-303A-4759-B681-942A6C85F078}.Release|Any CPU.Deploy.0 = Release|Any CPU
		{33550BE4-303A-4759-B681-942A6C85F078}.Release|ARM.ActiveCfg = Release|Any CPU
		{33550BE4-303A-4759-B681-942A6C85F078}.Release|ARM.Build.0 = Release|Any CPU
		{33550BE4-303A-4759-B681-942A6C85F078}.Release|ARM.Deploy.0 = Release|Any CPU
		{33550BE4-303A-4759-B681-942A6C85F078}.Release|iPhone.ActiveCfg = Release|Any CPU
		{33550BE4-303A-4759-B681-942A6C85F078}.Release|iPhone.Build.0 = Release|Any CPU
		{33550BE4-303A-4759-B681-942A6C85F078}.Release|iPhone.Deploy.0 = Release|Any CPU
		{33550BE4-303A-4759-B681-942A6C85F078}.Release|iPhoneSimulator.ActiveCfg = Release|Any CPU
		{33550BE4-303A-4759-B681-942A6C85F078}.Release|iPhoneSimulator.Build.0 = Release|Any CPU
		{33550BE4-303A-4759-B681-942A6C85F078}.Release|iPhoneSimulator.Deploy.0 = Release|Any CPU
		{33550BE4-303A-4759-B681-942A6C85F078}.Release|x64.ActiveCfg = Release|Any CPU
		{33550BE4-303A-4759-B681-942A6C85F078}.Release|x64.Build.0 = Release|Any CPU
		{33550BE4-303A-4759-B681-942A6C85F078}.Release|x64.Deploy.0 = Release|Any CPU
		{33550BE4-303A-4759-B681-942A6C85F078}.Release|x86.ActiveCfg = Release|Any CPU
		{33550BE4-303A-4759-B681-942A6C85F078}.Release|x86.Build.0 = Release|Any CPU
		{33550BE4-303A-4759-B681-942A6C85F078}.Release|x86.Deploy.0 = Release|Any CPU
		{8E995F0E-7842-459A-93FE-8CD41F658A13}.Debug|Any CPU.ActiveCfg = Debug|iPhone
		{8E995F0E-7842-459A-93FE-8CD41F658A13}.Debug|ARM.ActiveCfg = Debug|iPhone
		{8E995F0E-7842-459A-93FE-8CD41F658A13}.Debug|iPhone.ActiveCfg = Debug|iPhone
		{8E995F0E-7842-459A-93FE-8CD41F658A13}.Debug|iPhone.Build.0 = Debug|iPhone
		{8E995F0E-7842-459A-93FE-8CD41F658A13}.Debug|iPhoneSimulator.ActiveCfg = Debug|iPhoneSimulator
		{8E995F0E-7842-459A-93FE-8CD41F658A13}.Debug|iPhoneSimulator.Build.0 = Debug|iPhoneSimulator
		{8E995F0E-7842-459A-93FE-8CD41F658A13}.Debug|x64.ActiveCfg = Debug|iPhone
		{8E995F0E-7842-459A-93FE-8CD41F658A13}.Debug|x86.ActiveCfg = Debug|iPhone
		{8E995F0E-7842-459A-93FE-8CD41F658A13}.Release|Any CPU.ActiveCfg = Release|iPhone
		{8E995F0E-7842-459A-93FE-8CD41F658A13}.Release|ARM.ActiveCfg = Release|iPhone
		{8E995F0E-7842-459A-93FE-8CD41F658A13}.Release|iPhone.ActiveCfg = Release|iPhone
		{8E995F0E-7842-459A-93FE-8CD41F658A13}.Release|iPhone.Build.0 = Release|iPhone
		{8E995F0E-7842-459A-93FE-8CD41F658A13}.Release|iPhoneSimulator.ActiveCfg = Release|iPhoneSimulator
		{8E995F0E-7842-459A-93FE-8CD41F658A13}.Release|iPhoneSimulator.Build.0 = Release|iPhoneSimulator
		{8E995F0E-7842-459A-93FE-8CD41F658A13}.Release|x64.ActiveCfg = Release|iPhone
		{8E995F0E-7842-459A-93FE-8CD41F658A13}.Release|x86.ActiveCfg = Release|iPhone
	EndGlobalSection
	GlobalSection(SolutionProperties) = preSolution
		HideSolutionNode = FALSE
	EndGlobalSection
	GlobalSection(ExtensibilityGlobals) = postSolution
		SolutionGuid = {F5C151D5-092D-485C-976A-27F7758CF15D}
	EndGlobalSection
EndGlobal
